{
  "name": "shreeram",
  "version": "1.0.0",
  "lockfileVersion": 3,
  "requires": true,
  "packages": {
    "": {
      "name": "shreeram",
      "version": "1.0.0",
      "license": "ISC",
      "dependencies": {
        "material-icons": "^1.13.2",
        "monaco-editor": "^0.36.1"
      }
    },
    "node_modules/material-icons": {
      "version": "1.13.2",
      "resolved": "https://registry.npmjs.org/material-icons/-/material-icons-1.13.2.tgz",
      "integrity": "sha512-aCh4u9U5LNjePNSpN4uNOaMlVwfE/BmJIYiFxJw5FxFfCJIBW5GSymnF6QrHIti4hIxvMtM3vFR7t4yrZJC1SQ=="
    },
    "node_modules/monaco-editor": {
      "version": "0.36.1",
      "resolved": "https://registry.npmjs.org/monaco-editor/-/monaco-editor-0.36.1.tgz",
      "integrity": "sha512-/CaclMHKQ3A6rnzBzOADfwdSJ25BFoFT0Emxsc4zYVyav5SkK9iA6lEtIeuN/oRYbwPgviJT+t3l+sjFa28jYg=="
    }
  }
}
